// !$*UTF8*$!
{
	archiveVersion = 1;
	classes = {
	};
	objectVersion = 50;
	objects = {

/* Begin PBXBuildFile section */
		760389352683EEA8004DE0E7 /* AppDelegate.swift in Sources */ = {isa = PBXBuildFile; fileRef = 760389342683EEA8004DE0E7 /* AppDelegate.swift */; };
		760389372683EEA8004DE0E7 /* SceneDelegate.swift in Sources */ = {isa = PBXBuildFile; fileRef = 760389362683EEA8004DE0E7 /* SceneDelegate.swift */; };
		760389392683EEA8004DE0E7 /* TableViewController.swift in Sources */ = {isa = PBXBuildFile; fileRef = 760389382683EEA8004DE0E7 /* TableViewController.swift */; };
		7603893C2683EEA8004DE0E7 /* Main.storyboard in Resources */ = {isa = PBXBuildFile; fileRef = 7603893A2683EEA8004DE0E7 /* Main.storyboard */; };
		7603893E2683EEAB004DE0E7 /* Assets.xcassets in Resources */ = {isa = PBXBuildFile; fileRef = 7603893D2683EEAB004DE0E7 /* Assets.xcassets */; };
		760389412683EEAB004DE0E7 /* LaunchScreen.storyboard in Resources */ = {isa = PBXBuildFile; fileRef = 7603893F2683EEAB004DE0E7 /* LaunchScreen.storyboard */; };
		760389492683EF82004DE0E7 /* DetailVC.swift in Sources */ = {isa = PBXBuildFile; fileRef = 760389482683EF82004DE0E7 /* DetailVC.swift */; };
		7603894B2683EF92004DE0E7 /* QRScannerVC.swift in Sources */ = {isa = PBXBuildFile; fileRef = 7603894A2683EF92004DE0E7 /* QRScannerVC.swift */; };
		7603894D2683EFBE004DE0E7 /* Networking.swift in Sources */ = {isa = PBXBuildFile; fileRef = 7603894C2683EFBE004DE0E7 /* Networking.swift */; };
		7603894F2683EFD5004DE0E7 /* Database.swift in Sources */ = {isa = PBXBuildFile; fileRef = 7603894E2683EFD5004DE0E7 /* Database.swift */; };
		760389512683EFEF004DE0E7 /* MovieCell.swift in Sources */ = {isa = PBXBuildFile; fileRef = 760389502683EFEF004DE0E7 /* MovieCell.swift */; };
		760389532683F008004DE0E7 /* imageCache.swift in Sources */ = {isa = PBXBuildFile; fileRef = 760389522683F008004DE0E7 /* imageCache.swift */; };
		760389562683F026004DE0E7 /* Model.xcdatamodeld in Sources */ = {isa = PBXBuildFile; fileRef = 760389542683F026004DE0E7 /* Model.xcdatamodeld */; };
		760389592683F0AF004DE0E7 /* Movies+CoreDataClass.swift in Sources */ = {isa = PBXBuildFile; fileRef = 760389572683F0AF004DE0E7 /* Movies+CoreDataClass.swift */; };
		7603895A2683F0AF004DE0E7 /* Movies+CoreDataProperties.swift in Sources */ = {isa = PBXBuildFile; fileRef = 760389582683F0AF004DE0E7 /* Movies+CoreDataProperties.swift */; };
		7603895C2683F12C004DE0E7 /* Colors.swift in Sources */ = {isa = PBXBuildFile; fileRef = 7603895B2683F12C004DE0E7 /* Colors.swift */; };
/* End PBXBuildFile section */

/* Begin PBXFileReference section */
		760389312683EEA8004DE0E7 /* Log.app */ = {isa = PBXFileReference; explicitFileType = wrapper.application; includeInIndex = 0; path = Log.app; sourceTree = BUILT_PRODUCTS_DIR; };
		760389342683EEA8004DE0E7 /* AppDelegate.swift */ = {isa = PBXFileReference; lastKnownFileType = sourcecode.swift; path = AppDelegate.swift; sourceTree = "<group>"; };
		760389362683EEA8004DE0E7 /* SceneDelegate.swift */ = {isa = PBXFileReference; lastKnownFileType = sourcecode.swift; path = SceneDelegate.swift; sourceTree = "<group>"; };
		760389382683EEA8004DE0E7 /* TableViewController.swift */ = {isa = PBXFileReference; lastKnownFileType = sourcecode.swift; path = TableViewController.swift; sourceTree = "<group>"; };
		7603893B2683EEA8004DE0E7 /* Base */ = {isa = PBXFileReference; lastKnownFileType = file.storyboard; name = Base; path = Base.lproj/Main.storyboard; sourceTree = "<group>"; };
		7603893D2683EEAB004DE0E7 /* Assets.xcassets */ = {isa = PBXFileReference; lastKnownFileType = folder.assetcatalog; path = Assets.xcassets; sourceTree = "<group>"; };
		760389402683EEAB004DE0E7 /* Base */ = {isa = PBXFileReference; lastKnownFileType = file.storyboard; name = Base; path = Base.lproj/LaunchScreen.storyboard; sourceTree = "<group>"; };
		760389422683EEAB004DE0E7 /* Info.plist */ = {isa = PBXFileReference; lastKnownFileType = text.plist.xml; path = Info.plist; sourceTree = "<group>"; };
		760389482683EF82004DE0E7 /* DetailVC.swift */ = {isa = PBXFileReference; lastKnownFileType = sourcecode.swift; path = DetailVC.swift; sourceTree = "<group>"; };
		7603894A2683EF92004DE0E7 /* QRScannerVC.swift */ = {isa = PBXFileReference; lastKnownFileType = sourcecode.swift; path = QRScannerVC.swift; sourceTree = "<group>"; };
		7603894C2683EFBE004DE0E7 /* Networking.swift */ = {isa = PBXFileReference; lastKnownFileType = sourcecode.swift; path = Networking.swift; sourceTree = "<group>"; };
		7603894E2683EFD5004DE0E7 /* Database.swift */ = {isa = PBXFileReference; lastKnownFileType = sourcecode.swift; path = Database.swift; sourceTree = "<group>"; };
		760389502683EFEF004DE0E7 /* MovieCell.swift */ = {isa = PBXFileReference; lastKnownFileType = sourcecode.swift; path = MovieCell.swift; sourceTree = "<group>"; };
		760389522683F008004DE0E7 /* imageCache.swift */ = {isa = PBXFileReference; lastKnownFileType = sourcecode.swift; path = imageCache.swift; sourceTree = "<group>"; };
		760389552683F026004DE0E7 /* Model.xcdatamodel */ = {isa = PBXFileReference; lastKnownFileType = wrapper.xcdatamodel; path = Model.xcdatamodel; sourceTree = "<group>"; };
		760389572683F0AF004DE0E7 /* Movies+CoreDataClass.swift */ = {isa = PBXFileReference; lastKnownFileType = sourcecode.swift; path = "Movies+CoreDataClass.swift"; sourceTree = SOURCE_ROOT; };
		760389582683F0AF004DE0E7 /* Movies+CoreDataProperties.swift */ = {isa = PBXFileReference; lastKnownFileType = sourcecode.swift; path = "Movies+CoreDataProperties.swift"; sourceTree = SOURCE_ROOT; };
		7603895B2683F12C004DE0E7 /* Colors.swift */ = {isa = PBXFileReference; lastKnownFileType = sourcecode.swift; path = Colors.swift; sourceTree = "<group>"; };
/* End PBXFileReference section */

/* Begin PBXFrameworksBuildPhase section */
		7603892E2683EEA8004DE0E7 /* Frameworks */ = {
			isa = PBXFrameworksBuildPhase;
			buildActionMask = 2147483647;
			files = (
			);
			runOnlyForDeploymentPostprocessing = 0;
		};
/* End PBXFrameworksBuildPhase section */

/* Begin PBXGroup section */
		760389282683EEA8004DE0E7 = {
			isa = PBXGroup;
			children = (
				760389332683EEA8004DE0E7 /* Log */,
				760389322683EEA8004DE0E7 /* Products */,
			);
			sourceTree = "<group>";
		};
		760389322683EEA8004DE0E7 /* Products */ = {
			isa = PBXGroup;
			children = (
				760389312683EEA8004DE0E7 /* Log.app */,
			);
			name = Products;
			sourceTree = "<group>";
		};
		760389332683EEA8004DE0E7 /* Log */ = {
			isa = PBXGroup;
			children = (
				760389382683EEA8004DE0E7 /* TableViewController.swift */,
				760389482683EF82004DE0E7 /* DetailVC.swift */,
				760389502683EFEF004DE0E7 /* MovieCell.swift */,
				7603894A2683EF92004DE0E7 /* QRScannerVC.swift */,
				760389582683F0AF004DE0E7 /* Movies+CoreDataProperties.swift */,
				7603894E2683EFD5004DE0E7 /* Database.swift */,
				7603894C2683EFBE004DE0E7 /* Networking.swift */,
				760389542683F026004DE0E7 /* Model.xcdatamodeld */,
				760389522683F008004DE0E7 /* imageCache.swift */,
				760389572683F0AF004DE0E7 /* Movies+CoreDataClass.swift */,
				760389362683EEA8004DE0E7 /* SceneDelegate.swift */,
				760389342683EEA8004DE0E7 /* AppDelegate.swift */,
				7603893D2683EEAB004DE0E7 /* Assets.xcassets */,
				7603895B2683F12C004DE0E7 /* Colors.swift */,
				7603893A2683EEA8004DE0E7 /* Main.storyboard */,
				7603893F2683EEAB004DE0E7 /* LaunchScreen.storyboard */,
				760389422683EEAB004DE0E7 /* Info.plist */,
			);
			path = Log;
			sourceTree = "<group>";
		};
/* End PBXGroup section */

/* Begin PBXNativeTarget section */
		760389302683EEA8004DE0E7 /* Log */ = {
			isa = PBXNativeTarget;
			buildConfigurationList = 760389452683EEAB004DE0E7 /* Build configuration list for PBXNativeTarget "Log" */;
			buildPhases = (
				7603892D2683EEA8004DE0E7 /* Sources */,
				7603892E2683EEA8004DE0E7 /* Frameworks */,
				7603892F2683EEA8004DE0E7 /* Resources */,
			);
			buildRules = (
			);
			dependencies = (
			);
			name = Log;
			productName = Log;
			productReference = 760389312683EEA8004DE0E7 /* Log.app */;
			productType = "com.apple.product-type.application";
		};
/* End PBXNativeTarget section */

/* Begin PBXProject section */
		760389292683EEA8004DE0E7 /* Project object */ = {
			isa = PBXProject;
			attributes = {
				LastSwiftUpdateCheck = 1250;
				LastUpgradeCheck = 1250;
				TargetAttributes = {
					760389302683EEA8004DE0E7 = {
						CreatedOnToolsVersion = 12.5;
					};
				};
			};
			buildConfigurationList = 7603892C2683EEA8004DE0E7 /* Build configuration list for PBXProject "Log" */;
			compatibilityVersion = "Xcode 9.3";
			developmentRegion = en;
			hasScannedForEncodings = 0;
			knownRegions = (
				en,
				Base,
			);
			mainGroup = 760389282683EEA8004DE0E7;
			productRefGroup = 760389322683EEA8004DE0E7 /* Products */;
			projectDirPath = "";
			projectRoot = "";
			targets = (
				760389302683EEA8004DE0E7 /* Log */,
			);
		};
/* End PBXProject section */

/* Begin PBXResourcesBuildPhase section */
		7603892F2683EEA8004DE0E7 /* Resources */ = {
			isa = PBXResourcesBuildPhase;
			buildActionMask = 2147483647;
			files = (
				760389412683EEAB004DE0E7 /* LaunchScreen.storyboard in Resources */,
				7603893E2683EEAB004DE0E7 /* Assets.xcassets in Resources */,
				7603893C2683EEA8004DE0E7 /* Main.storyboard in Resources */,
			);
			runOnlyForDeploymentPostprocessing = 0;
		};
/* End PBXResourcesBuildPhase section */

/* Begin PBXSourcesBuildPhase section */
		7603892D2683EEA8004DE0E7 /* Sources */ = {
			isa = PBXSourcesBuildPhase;
			buildActionMask = 2147483647;
			files = (
				7603895A2683F0AF004DE0E7 /* Movies+CoreDataProperties.swift in Sources */,
				760389592683F0AF004DE0E7 /* Movies+CoreDataClass.swift in Sources */,
				7603894B2683EF92004DE0E7 /* QRScannerVC.swift in Sources */,
				760389392683EEA8004DE0E7 /* TableViewController.swift in Sources */,
				760389512683EFEF004DE0E7 /* MovieCell.swift in Sources */,
				760389492683EF82004DE0E7 /* DetailVC.swift in Sources */,
				7603894D2683EFBE004DE0E7 /* Networking.swift in Sources */,
				760389352683EEA8004DE0E7 /* AppDelegate.swift in Sources */,
				7603895C2683F12C004DE0E7 /* Colors.swift in Sources */,
				7603894F2683EFD5004DE0E7 /* Database.swift in Sources */,
				760389562683F026004DE0E7 /* Model.xcdatamodeld in Sources */,
				760389532683F008004DE0E7 /* imageCache.swift in Sources */,
				760389372683EEA8004DE0E7 /* SceneDelegate.swift in Sources */,
			);
			runOnlyForDeploymentPostprocessing = 0;
		};
/* End PBXSourcesBuildPhase section */

/* Begin PBXVariantGroup section */
		7603893A2683EEA8004DE0E7 /* Main.storyboard */ = {
			isa = PBXVariantGroup;
			children = (
				7603893B2683EEA8004DE0E7 /* Base */,
			);
			name = Main.storyboard;
			sourceTree = "<group>";
		};
		7603893F2683EEAB004DE0E7 /* LaunchScreen.storyboard */ = {
			isa = PBXVariantGroup;
			children = (
				760389402683EEAB004DE0E7 /* Base */,
			);
			name = LaunchScreen.storyboard;
			sourceTree = "<group>";
		};
/* End PBXVariantGroup section */

/* Begin XCBuildConfiguration section */
		760389432683EEAB004DE0E7 /* Debug */ = {
			isa = XCBuildConfiguration;
			buildSettings = {
				ALWAYS_SEARCH_USER_PATHS = NO;
				CLANG_ANALYZER_NONNULL = YES;
				CLANG_ANALYZER_NUMBER_OBJECT_CONVERSION = YES_AGGRESSIVE;
				CLANG_CXX_LANGUAGE_STANDARD = "gnu++14";
				CLANG_CXX_LIBRARY = "libc++";
				CLANG_ENABLE_MODULES = YES;
				CLANG_ENABLE_OBJC_ARC = YES;
				CLANG_ENABLE_OBJC_WEAK = YES;
				CLANG_WARN_BLOCK_CAPTURE_AUTORELEASING = YES;
				CLANG_WARN_BOOL_CONVERSION = YES;
				CLANG_WARN_COMMA = YES;
				CLANG_WARN_CONSTANT_CONVERSION = YES;
				CLANG_WARN_DEPRECATED_OBJC_IMPLEMENTATIONS = YES;
				CLANG_WARN_DIRECT_OBJC_ISA_USAGE = YES_ERROR;
				CLANG_WARN_DOCUMENTATION_COMMENTS = YES;
				CLANG_WARN_EMPTY_BODY = YES;
				CLANG_WARN_ENUM_CONVERSION = YES;
				CLANG_WARN_INFINITE_RECURSION = YES;
				CLANG_WARN_INT_CONVERSION = YES;
				CLANG_WARN_NON_LITERAL_NULL_CONVERSION = YES;
				CLANG_WARN_OBJC_IMPLICIT_RETAIN_SELF = YES;
				CLANG_WARN_OBJC_LITERAL_CONVERSION = YES;
				CLANG_WARN_OBJC_ROOT_CLASS = YES_ERROR;
				CLANG_WARN_QUOTED_INCLUDE_IN_FRAMEWORK_HEADER = YES;
				CLANG_WARN_RANGE_LOOP_ANALYSIS = YES;
				CLANG_WARN_STRICT_PROTOTYPES = YES;
				CLANG_WARN_SUSPICIOUS_MOVE = YES;
				CLANG_WARN_UNGUARDED_AVAILABILITY = YES_AGGRESSIVE;
				CLANG_WARN_UNREACHABLE_CODE = YES;
				CLANG_WARN__DUPLICATE_METHOD_MATCH = YES;
				COPY_PHASE_STRIP = NO;
				DEBUG_INFORMATION_FORMAT = dwarf;
				ENABLE_STRICT_OBJC_MSGSEND = YES;
				ENABLE_TESTABILITY = YES;
				GCC_C_LANGUAGE_STANDARD = gnu11;
				GCC_DYNAMIC_NO_PIC = NO;
				GCC_NO_COMMON_BLOCKS = YES;
				GCC_OPTIMIZATION_LEVEL = 0;
				GCC_PREPROCESSOR_DEFINITIONS = (
					"DEBUG=1",
					"$(inherited)",
				);
				GCC_WARN_64_TO_32_BIT_CONVERSION = YES;
				GCC_WARN_ABOUT_RETURN_TYPE = YES_ERROR;
				GCC_WARN_UNDECLARED_SELECTOR = YES;
				GCC_WARN_UNINITIALIZED_AUTOS = YES_AGGRESSIVE;
				GCC_WARN_UNUSED_FUNCTION = YES;
				GCC_WARN_UNUSED_VARIABLE = YES;
				IPHONEOS_DEPLOYMENT_TARGET = 14.5;
				MTL_ENABLE_DEBUG_INFO = INCLUDE_SOURCE;
				MTL_FAST_MATH = YES;
				ONLY_ACTIVE_ARCH = YES;
				SDKROOT = iphoneos;
				SWIFT_ACTIVE_COMPILATION_CONDITIONS = DEBUG;
				SWIFT_OPTIMIZATION_LEVEL = "-Onone";
			};
			name = Debug;
		};
		760389442683EEAB004DE0E7 /* Release */ = {
			isa = XCBuildConfiguration;
			buildSettings = {
				ALWAYS_SEARCH_USER_PATHS = NO;
				CLANG_ANALYZER_NONNULL = YES;
				CLANG_ANALYZER_NUMBER_OBJECT_CONVERSION = YES_AGGRESSIVE;
				CLANG_CXX_LANGUAGE_STANDARD = "gnu++14";
				CLANG_CXX_LIBRARY = "libc++";
				CLANG_ENABLE_MODULES = YES;
				CLANG_ENABLE_OBJC_ARC = YES;
				CLANG_ENABLE_OBJC_WEAK = YES;
				CLANG_WARN_BLOCK_CAPTURE_AUTORELEASING = YES;
				CLANG_WARN_BOOL_CONVERSION = YES;
				CLANG_WARN_COMMA = YES;
				CLANG_WARN_CONSTANT_CONVERSION = YES;
				CLANG_WARN_DEPRECATED_OBJC_IMPLEMENTATIONS = YES;
				CLANG_WARN_DIRECT_OBJC_ISA_USAGE = YES_ERROR;
				CLANG_WARN_DOCUMENTATION_COMMENTS = YES;
				CLANG_WARN_EMPTY_BODY = YES;
				CLANG_WARN_ENUM_CONVERSION = YES;
				CLANG_WARN_INFINITE_RECURSION = YES;
				CLANG_WARN_INT_CONVERSION = YES;
				CLANG_WARN_NON_LITERAL_NULL_CONVERSION = YES;
				CLANG_WARN_OBJC_IMPLICIT_RETAIN_SELF = YES;
				CLANG_WARN_OBJC_LITERAL_CONVERSION = YES;
				CLANG_WARN_OBJC_ROOT_CLASS = YES_ERROR;
				CLANG_WARN_QUOTED_INCLUDE_IN_FRAMEWORK_HEADER = YES;
				CLANG_WARN_RANGE_LOOP_ANALYSIS = YES;
				CLANG_WARN_STRICT_PROTOTYPES = YES;
				CLANG_WARN_SUSPICIOUS_MOVE = YES;
				CLANG_WARN_UNGUARDED_AVAILABILITY = YES_AGGRESSIVE;
				CLANG_WARN_UNREACHABLE_CODE = YES;
				CLANG_WARN__DUPLICATE_METHOD_MATCH = YES;
				COPY_PHASE_STRIP = NO;
				DEBUG_INFORMATION_FORMAT = "dwarf-with-dsym";
				ENABLE_NS_ASSERTIONS = NO;
				ENABLE_STRICT_OBJC_MSGSEND = YES;
				GCC_C_LANGUAGE_STANDARD = gnu11;
				GCC_NO_COMMON_BLOCKS = YES;
				GCC_WARN_64_TO_32_BIT_CONVERSION = YES;
				GCC_WARN_ABOUT_RETURN_TYPE = YES_ERROR;
				GCC_WARN_UNDECLARED_SELECTOR = YES;
				GCC_WARN_UNINITIALIZED_AUTOS = YES_AGGRESSIVE;
				GCC_WARN_UNUSED_FUNCTION = YES;
				GCC_WARN_UNUSED_VARIABLE = YES;
				IPHONEOS_DEPLOYMENT_TARGET = 14.5;
				MTL_ENABLE_DEBUG_INFO = NO;
				MTL_FAST_MATH = YES;
				SDKROOT = iphoneos;
				SWIFT_COMPILATION_MODE = wholemodule;
				SWIFT_OPTIMIZATION_LEVEL = "-O";
				VALIDATE_PRODUCT = YES;
			};
			name = Release;
		};
		760389462683EEAB004DE0E7 /* Debug */ = {
			isa = XCBuildConfiguration;
			buildSettings = {
				ASSETCATALOG_COMPILER_APPICON_NAME = AppIcon;
				ASSETCATALOG_COMPILER_GLOBAL_ACCENT_COLOR_NAME = AccentColor;
				CODE_SIGN_STYLE = Automatic;
				DEVELOPMENT_TEAM = 693D8FPWDL;
				INFOPLIST_FILE = Log/Info.plist;
				LD_RUNPATH_SEARCH_PATHS = (
					"$(inherited)",
					"@executable_path/Frameworks",
				);
				PRODUCT_BUNDLE_IDENTIFIER = "-.gdfgf";
				PRODUCT_NAME = "$(TARGET_NAME)";
				SWIFT_VERSION = 5.0;
				TARGETED_DEVICE_FAMILY = "1,2";
			};
			name = Debug;
		};
		760389472683EEAB004DE0E7 /* Release */ = {
			isa = XCBuildConfiguration;
			buildSettings = {
				ASSETCATALOG_COMPILER_APPICON_NAME = AppIcon;
				ASSETCATALOG_COMPILER_GLOBAL_ACCENT_COLOR_NAME = AccentColor;
				CODE_SIGN_STYLE = Automatic;
				DEVELOPMENT_TEAM = 693D8FPWDL;
				INFOPLIST_FILE = Log/Info.plist;
				LD_RUNPATH_SEARCH_PATHS = (
					"$(inherited)",
					"@executable_path/Frameworks",
				);
				PRODUCT_BUNDLE_IDENTIFIER = "-.gdfgf";
				PRODUCT_NAME = "$(TARGET_NAME)";
				SWIFT_VERSION = 5.0;
				TARGETED_DEVICE_FAMILY = "1,2";
			};
			name = Release;
		};
/* End XCBuildConfiguration section */

/* Begin XCConfigurationList section */
		7603892C2683EEA8004DE0E7 /* Build configuration list for PBXProject "Log" */ = {
			isa = XCConfigurationList;
			buildConfigurations = (
				760389432683EEAB004DE0E7 /* Debug */,
				760389442683EEAB004DE0E7 /* Release */,
			);
			defaultConfigurationIsVisible = 0;
			defaultConfigurationName = Release;
		};
		760389452683EEAB004DE0E7 /* Build configuration list for PBXNativeTarget "Log" */ = {
			isa = XCConfigurationList;
			buildConfigurations = (
				760389462683EEAB004DE0E7 /* Debug */,
				760389472683EEAB004DE0E7 /* Release */,
			);
			defaultConfigurationIsVisible = 0;
			defaultConfigurationName = Release;
		};
/* End XCConfigurationList section */

/* Begin XCVersionGroup section */
		760389542683F026004DE0E7 /* Model.xcdatamodeld */ = {
			isa = XCVersionGroup;
			children = (
				760389552683F026004DE0E7 /* Model.xcdatamodel */,
			);
			currentVersion = 760389552683F026004DE0E7 /* Model.xcdatamodel */;
			path = Model.xcdatamodeld;
			sourceTree = "<group>";
			versionGroupType = wrapper.xcdatamodel;
		};
/* End XCVersionGroup section */
	};
	rootObject = 760389292683EEA8004DE0E7 /* Project object */;
}
